
Microsoft Visual Studio Solution File, Format Version 12.00
# Visual Studio 2012
Project("{FAE04EC0-301F-11D3-BF4B-00C04F79EFBC}") = "AndroidControl.iOS", "iOS\AndroidControl.iOS.csproj", "{56F75F47-E8EE-4C82-85C0-71933E046724}"
EndProject
Project("{FAE04EC0-301F-11D3-BF4B-00C04F79EFBC}") = "AndroidControl.Droid", "Droid\AndroidControl.Droid.csproj", "{BC2C9789-9D54-46E2-B0C6-DF3474B86F66}"
EndProject
Project("{FAE04EC0-301F-11D3-BF4B-00C04F79EFBC}") = "AndroidControl", "AndroidControl\AndroidControl.csproj", "{BD0DF2EB-8B98-4473-B594-0BF38BF3A763}"
EndProject
Project("{FAE04EC0-301F-11D3-BF4B-00C04F79EFBC}") = "AndroidControl.UITests", "UITests\AndroidControl.UITests.csproj", "{167C8FB3-0F4C-4D54-AD8A-801945B69853}"
EndProject
Global
	GlobalSection(SolutionConfigurationPlatforms) = preSolution
		Debug|iPhoneSimulator = Debug|iPhoneSimulator
		Release|iPhone = Release|iPhone
		Release|iPhoneSimulator = Release|iPhoneSimulator
		Debug|iPhone = Debug|iPhone
		Debug|Any CPU = Debug|Any CPU
		Release|Any CPU = Release|Any CPU
	EndGlobalSection
	GlobalSection(ProjectConfigurationPlatforms) = postSolution
		{167C8FB3-0F4C-4D54-AD8A-801945B69853}.Debug|Any CPU.ActiveCfg = Debug|Any CPU
		{167C8FB3-0F4C-4D54-AD8A-801945B69853}.Debug|Any CPU.Build.0 = Debug|Any CPU
		{167C8FB3-0F4C-4D54-AD8A-801945B69853}.Debug|iPhone.ActiveCfg = Debug|Any CPU
		{167C8FB3-0F4C-4D54-AD8A-801945B69853}.Debug|iPhone.Build.0 = Debug|Any CPU
		{167C8FB3-0F4C-4D54-AD8A-801945B69853}.Debug|iPhoneSimulator.ActiveCfg = Debug|Any CPU
		{167C8FB3-0F4C-4D54-AD8A-801945B69853}.Debug|iPhoneSimulator.Build.0 = Debug|Any CPU
		{167C8FB3-0F4C-4D54-AD8A-801945B69853}.Release|Any CPU.ActiveCfg = Release|Any CPU
		{167C8FB3-0F4C-4D54-AD8A-801945B69853}.Release|Any CPU.Build.0 = Release|Any CPU
		{167C8FB3-0F4C-4D54-AD8A-801945B69853}.Release|iPhone.ActiveCfg = Release|Any CPU
		{167C8FB3-0F4C-4D54-AD8A-801945B69853}.Release|iPhone.Build.0 = Release|Any CPU
		{167C8FB3-0F4C-4D54-AD8A-801945B69853}.Release|iPhoneSimulator.ActiveCfg = Release|Any CPU
		{167C8FB3-0F4C-4D54-AD8A-801945B69853}.Release|iPhoneSimulator.Build.0 = Release|Any CPU
		{56F75F47-E8EE-4C82-85C0-71933E046724}.Debug|Any CPU.ActiveCfg = Debug|iPhoneSimulator
		{56F75F47-E8EE-4C82-85C0-71933E046724}.Debug|Any CPU.Build.0 = Debug|iPhoneSimulator
		{56F75F47-E8EE-4C82-85C0-71933E046724}.Debug|iPhone.ActiveCfg = Debug|iPhone
		{56F75F47-E8EE-4C82-85C0-71933E046724}.Debug|iPhone.Build.0 = Debug|iPhone
		{56F75F47-E8EE-4C82-85C0-71933E046724}.Debug|iPhoneSimulator.ActiveCfg = Debug|iPhoneSimulator
		{56F75F47-E8EE-4C82-85C0-71933E046724}.Debug|iPhoneSimulator.Build.0 = Debug|iPhoneSimulator
		{56F75F47-E8EE-4C82-85C0-71933E046724}.Release|Any CPU.ActiveCfg = Release|iPhone
		{56F75F47-E8EE-4C82-85C0-71933E046724}.Release|Any CPU.Build.0 = Release|iPhone
		{56F75F47-E8EE-4C82-85C0-71933E046724}.Release|iPhone.ActiveCfg = Release|iPhone
		{56F75F47-E8EE-4C82-85C0-71933E046724}.Release|iPhone.Build.0 = Release|iPhone
		{56F75F47-E8EE-4C82-85C0-71933E046724}.Release|iPhoneSimulator.ActiveCfg = Release|iPhoneSimulator
		{56F75F47-E8EE-4C82-85C0-71933E046724}.Release|iPhoneSimulator.Build.0 = Release|iPhoneSimulator
		{BC2C9789-9D54-46E2-B0C6-DF3474B86F66}.Debug|Any CPU.ActiveCfg = Debug|Any CPU
		{BC2C9789-9D54-46E2-B0C6-DF3474B86F66}.Debug|Any CPU.Build.0 = Debug|Any CPU
		{BC2C9789-9D54-46E2-B0C6-DF3474B86F66}.Debug|iPhone.ActiveCfg = Debug|Any CPU
		{BC2C9789-9D54-46E2-B0C6-DF3474B86F66}.Debug|iPhone.Build.0 = Debug|Any CPU
		{BC2C9789-9D54-46E2-B0C6-DF3474B86F66}.Debug|iPhoneSimulator.ActiveCfg = Debug|Any CPU
		{BC2C9789-9D54-46E2-B0C6-DF3474B86F66}.Debug|iPhoneSimulator.Build.0 = Debug|Any CPU
		{BC2C9789-9D54-46E2-B0C6-DF3474B86F66}.Release|Any CPU.ActiveCfg = Release|Any CPU
		{BC2C9789-9D54-46E2-B0C6-DF3474B86F66}.Release|Any CPU.Build.0 = Release|Any CPU
		{BC2C9789-9D54-46E2-B0C6-DF3474B86F66}.Release|iPhone.ActiveCfg = Release|Any CPU
		{BC2C9789-9D54-46E2-B0C6-DF3474B86F66}.Release|iPhone.Build.0 = Release|Any CPU
		{BC2C9789-9D54-46E2-B0C6-DF3474B86F66}.Release|iPhoneSimulator.ActiveCfg = Release|Any CPU
		{BC2C9789-9D54-46E2-B0C6-DF3474B86F66}.Release|iPhoneSimulator.Build.0 = Release|Any CPU
		{BD0DF2EB-8B98-4473-B594-0BF38BF3A763}.Debug|Any CPU.ActiveCfg = Debug|Any CPU
		{BD0DF2EB-8B98-4473-B594-0BF38BF3A763}.Debug|Any CPU.Build.0 = Debug|Any CPU
		{BD0DF2EB-8B98-4473-B594-0BF38BF3A763}.Debug|iPhone.ActiveCfg = Debug|Any CPU
		{BD0DF2EB-8B98-4473-B594-0BF38BF3A763}.Debug|iPhone.Build.0 = Debug|Any CPU
		{BD0DF2EB-8B98-4473-B594-0BF38BF3A763}.Debug|iPhoneSimulator.ActiveCfg = Debug|Any CPU
		{BD0DF2EB-8B98-4473-B594-0BF38BF3A763}.Debug|iPhoneSimulator.Build.0 = Debug|Any CPU
		{BD0DF2EB-8B98-4473-B594-0BF38BF3A763}.Release|Any CPU.ActiveCfg = Release|Any CPU
		{BD0DF2EB-8B98-4473-B594-0BF38BF3A763}.Release|Any CPU.Build.0 = Release|Any CPU
		{BD0DF2EB-8B98-4473-B594-0BF38BF3A763}.Release|iPhone.ActiveCfg = Release|Any CPU
		{BD0DF2EB-8B98-4473-B594-0BF38BF3A763}.Release|iPhone.Build.0 = Release|Any CPU
		{BD0DF2EB-8B98-4473-B594-0BF38BF3A763}.Release|iPhoneSimulator.ActiveCfg = Release|Any CPU
		{BD0DF2EB-8B98-4473-B594-0BF38BF3A763}.Release|iPhoneSimulator.Build.0 = Release|Any CPU
	EndGlobalSection
EndGlobal
